// !$*UTF8*$!
{
	archiveVersion = 1;
	classes = {
	};
	objectVersion = 51;
	objects = {

/* Begin PBXBuildFile section */
		452BC8A723D2373D004B1EB0 /* AppDelegate.swift in Sources */ = {isa = PBXBuildFile; fileRef = 452BC8A623D2373D004B1EB0 /* AppDelegate.swift */; };
		452BC8A923D2373D004B1EB0 /* SceneDelegate.swift in Sources */ = {isa = PBXBuildFile; fileRef = 452BC8A823D2373D004B1EB0 /* SceneDelegate.swift */; };
		452BC8B023D2373E004B1EB0 /* Assets.xcassets in Resources */ = {isa = PBXBuildFile; fileRef = 452BC8AF23D2373E004B1EB0 /* Assets.xcassets */; };
		452BC8B323D2373E004B1EB0 /* LaunchScreen.storyboard in Resources */ = {isa = PBXBuildFile; fileRef = 452BC8B123D2373E004B1EB0 /* LaunchScreen.storyboard */; };
		452BC8BF23D241BA004B1EB0 /* Router.swift in Sources */ = {isa = PBXBuildFile; fileRef = 452BC8BE23D241BA004B1EB0 /* Router.swift */; };
		452BC8C223D243E4004B1EB0 /* MapViewController.swift in Sources */ = {isa = PBXBuildFile; fileRef = 452BC8C123D243E4004B1EB0 /* MapViewController.swift */; };
		452BC8C523D2471F004B1EB0 /* Bundle+Ext.swift in Sources */ = {isa = PBXBuildFile; fileRef = 452BC8C423D2471F004B1EB0 /* Bundle+Ext.swift */; };
		452BC8C723D24862004B1EB0 /* buildings.json in Resources */ = {isa = PBXBuildFile; fileRef = 452BC8C623D24862004B1EB0 /* buildings.json */; };
		452BC8C923D2489C004B1EB0 /* Building.swift in Sources */ = {isa = PBXBuildFile; fileRef = 452BC8C823D2489C004B1EB0 /* Building.swift */; };
		452BC8CB23D24B78004B1EB0 /* MapView.swift in Sources */ = {isa = PBXBuildFile; fileRef = 452BC8CA23D24B78004B1EB0 /* MapView.swift */; };
		452BC8CD23D25098004B1EB0 /* BuildingAnnotationView.swift in Sources */ = {isa = PBXBuildFile; fileRef = 452BC8CC23D25098004B1EB0 /* BuildingAnnotationView.swift */; };
		455A03AC23D364C8004BB19F /* MKMapView+Ext.swift in Sources */ = {isa = PBXBuildFile; fileRef = 455A03AB23D364C8004BB19F /* MKMapView+Ext.swift */; };
		455A03AE23D3667F004BB19F /* UIView+Ext.swift in Sources */ = {isa = PBXBuildFile; fileRef = 455A03AD23D3667F004BB19F /* UIView+Ext.swift */; };
		455A03B123D367C5004BB19F /* CountClusterAnnotationView.swift in Sources */ = {isa = PBXBuildFile; fileRef = 455A03B023D367C5004BB19F /* CountClusterAnnotationView.swift */; };
		45D73B5323D3A33300E13FE1 /* Constants.swift in Sources */ = {isa = PBXBuildFile; fileRef = 45D73B5223D3A33300E13FE1 /* Constants.swift */; };
		FA2B7F95A28F3B36417E9BB0 /* Pods_BirdTakeHomeProject.framework in Frameworks */ = {isa = PBXBuildFile; fileRef = 82B3C7E6BA5F7839326275E1 /* Pods_BirdTakeHomeProject.framework */; };
/* End PBXBuildFile section */

/* Begin PBXFileReference section */
		452BC8A323D2373D004B1EB0 /* BirdTakeHomeProject.app */ = {isa = PBXFileReference; explicitFileType = wrapper.application; includeInIndex = 0; path = BirdTakeHomeProject.app; sourceTree = BUILT_PRODUCTS_DIR; };
		452BC8A623D2373D004B1EB0 /* AppDelegate.swift */ = {isa = PBXFileReference; lastKnownFileType = sourcecode.swift; path = AppDelegate.swift; sourceTree = "<group>"; };
		452BC8A823D2373D004B1EB0 /* SceneDelegate.swift */ = {isa = PBXFileReference; lastKnownFileType = sourcecode.swift; path = SceneDelegate.swift; sourceTree = "<group>"; };
		452BC8AF23D2373E004B1EB0 /* Assets.xcassets */ = {isa = PBXFileReference; lastKnownFileType = folder.assetcatalog; path = Assets.xcassets; sourceTree = "<group>"; };
		452BC8B223D2373E004B1EB0 /* Base */ = {isa = PBXFileReference; lastKnownFileType = file.storyboard; name = Base; path = Base.lproj/LaunchScreen.storyboard; sourceTree = "<group>"; };
		452BC8B423D2373E004B1EB0 /* Info.plist */ = {isa = PBXFileReference; lastKnownFileType = text.plist.xml; path = Info.plist; sourceTree = "<group>"; };
		452BC8BE23D241BA004B1EB0 /* Router.swift */ = {isa = PBXFileReference; lastKnownFileType = sourcecode.swift; path = Router.swift; sourceTree = "<group>"; };
		452BC8C123D243E4004B1EB0 /* MapViewController.swift */ = {isa = PBXFileReference; lastKnownFileType = sourcecode.swift; path = MapViewController.swift; sourceTree = "<group>"; };
		452BC8C423D2471F004B1EB0 /* Bundle+Ext.swift */ = {isa = PBXFileReference; lastKnownFileType = sourcecode.swift; path = "Bundle+Ext.swift"; sourceTree = "<group>"; };
		452BC8C623D24862004B1EB0 /* buildings.json */ = {isa = PBXFileReference; fileEncoding = 4; lastKnownFileType = text.json; path = buildings.json; sourceTree = "<group>"; };
		452BC8C823D2489C004B1EB0 /* Building.swift */ = {isa = PBXFileReference; lastKnownFileType = sourcecode.swift; path = Building.swift; sourceTree = "<group>"; };
		452BC8CA23D24B78004B1EB0 /* MapView.swift */ = {isa = PBXFileReference; lastKnownFileType = sourcecode.swift; path = MapView.swift; sourceTree = "<group>"; };
		452BC8CC23D25098004B1EB0 /* BuildingAnnotationView.swift */ = {isa = PBXFileReference; lastKnownFileType = sourcecode.swift; path = BuildingAnnotationView.swift; sourceTree = "<group>"; };
		455A03AB23D364C8004BB19F /* MKMapView+Ext.swift */ = {isa = PBXFileReference; lastKnownFileType = sourcecode.swift; path = "MKMapView+Ext.swift"; sourceTree = "<group>"; };
		455A03AD23D3667F004BB19F /* UIView+Ext.swift */ = {isa = PBXFileReference; lastKnownFileType = sourcecode.swift; path = "UIView+Ext.swift"; sourceTree = "<group>"; };
		455A03B023D367C5004BB19F /* CountClusterAnnotationView.swift */ = {isa = PBXFileReference; lastKnownFileType = sourcecode.swift; path = CountClusterAnnotationView.swift; sourceTree = "<group>"; };
		45D73B5223D3A33300E13FE1 /* Constants.swift */ = {isa = PBXFileReference; lastKnownFileType = sourcecode.swift; path = Constants.swift; sourceTree = "<group>"; };
		5A9E713161763ECFE6844D82 /* Pods-BirdTakeHomeProject.release.xcconfig */ = {isa = PBXFileReference; includeInIndex = 1; lastKnownFileType = text.xcconfig; name = "Pods-BirdTakeHomeProject.release.xcconfig"; path = "Target Support Files/Pods-BirdTakeHomeProject/Pods-BirdTakeHomeProject.release.xcconfig"; sourceTree = "<group>"; };
		82B3C7E6BA5F7839326275E1 /* Pods_BirdTakeHomeProject.framework */ = {isa = PBXFileReference; explicitFileType = wrapper.framework; includeInIndex = 0; path = Pods_BirdTakeHomeProject.framework; sourceTree = BUILT_PRODUCTS_DIR; };
		C41EB80AF31CE9AD270CB1C4 /* Pods-BirdTakeHomeProject.debug.xcconfig */ = {isa = PBXFileReference; includeInIndex = 1; lastKnownFileType = text.xcconfig; name = "Pods-BirdTakeHomeProject.debug.xcconfig"; path = "Target Support Files/Pods-BirdTakeHomeProject/Pods-BirdTakeHomeProject.debug.xcconfig"; sourceTree = "<group>"; };
/* End PBXFileReference section */

/* Begin PBXFrameworksBuildPhase section */
		452BC8A023D2373D004B1EB0 /* Frameworks */ = {
			isa = PBXFrameworksBuildPhase;
			buildActionMask = 2147483647;
			files = (
				FA2B7F95A28F3B36417E9BB0 /* Pods_BirdTakeHomeProject.framework in Frameworks */,
			);
			runOnlyForDeploymentPostprocessing = 0;
		};
/* End PBXFrameworksBuildPhase section */

/* Begin PBXGroup section */
		452BC89A23D2373D004B1EB0 = {
			isa = PBXGroup;
			children = (
				452BC8A523D2373D004B1EB0 /* BirdTakeHomeProject */,
				452BC8A423D2373D004B1EB0 /* Products */,
				ED0C3105ECAF565408558484 /* Pods */,
				841207C896CEC1161824CC45 /* Frameworks */,
			);
			sourceTree = "<group>";
		};
		452BC8A423D2373D004B1EB0 /* Products */ = {
			isa = PBXGroup;
			children = (
				452BC8A323D2373D004B1EB0 /* BirdTakeHomeProject.app */,
			);
			name = Products;
			sourceTree = "<group>";
		};
		452BC8A523D2373D004B1EB0 /* BirdTakeHomeProject */ = {
			isa = PBXGroup;
			children = (
				452BC8BB23D24132004B1EB0 /* Model */,
				452BC8BA23D2412C004B1EB0 /* UI */,
				452BC8BE23D241BA004B1EB0 /* Router.swift */,
				452BC8A623D2373D004B1EB0 /* AppDelegate.swift */,
				452BC8A823D2373D004B1EB0 /* SceneDelegate.swift */,
				452BC8AF23D2373E004B1EB0 /* Assets.xcassets */,
				452BC8B123D2373E004B1EB0 /* LaunchScreen.storyboard */,
				452BC8B423D2373E004B1EB0 /* Info.plist */,
				452BC8C623D24862004B1EB0 /* buildings.json */,
			);
			path = BirdTakeHomeProject;
			sourceTree = "<group>";
		};
		452BC8BA23D2412C004B1EB0 /* UI */ = {
			isa = PBXGroup;
			children = (
				452BC8C023D243C9004B1EB0 /* Map */,
			);
			path = UI;
			sourceTree = "<group>";
		};
		452BC8BB23D24132004B1EB0 /* Model */ = {
			isa = PBXGroup;
			children = (
				452BC8BD23D241A2004B1EB0 /* Responses */,
				452BC8BC23D2419A004B1EB0 /* Utils */,
			);
			path = Model;
			sourceTree = "<group>";
		};
		452BC8BC23D2419A004B1EB0 /* Utils */ = {
			isa = PBXGroup;
			children = (
				45D73B5223D3A33300E13FE1 /* Constants.swift */,
				452BC8C323D24706004B1EB0 /* Extensions */,
			);
			path = Utils;
			sourceTree = "<group>";
		};
		452BC8BD23D241A2004B1EB0 /* Responses */ = {
			isa = PBXGroup;
			children = (
				452BC8C823D2489C004B1EB0 /* Building.swift */,
			);
			path = Responses;
			sourceTree = "<group>";
		};
		452BC8C023D243C9004B1EB0 /* Map */ = {
			isa = PBXGroup;
			children = (
				452BC8C123D243E4004B1EB0 /* MapViewController.swift */,
				452BC8CA23D24B78004B1EB0 /* MapView.swift */,
				455A03AF23D367AF004BB19F /* Components */,
			);
			path = Map;
			sourceTree = "<group>";
		};
		452BC8C323D24706004B1EB0 /* Extensions */ = {
			isa = PBXGroup;
			children = (
				452BC8C423D2471F004B1EB0 /* Bundle+Ext.swift */,
				455A03AB23D364C8004BB19F /* MKMapView+Ext.swift */,
				455A03AD23D3667F004BB19F /* UIView+Ext.swift */,
			);
			path = Extensions;
			sourceTree = "<group>";
		};
		455A03AF23D367AF004BB19F /* Components */ = {
			isa = PBXGroup;
			children = (
				455A03B023D367C5004BB19F /* CountClusterAnnotationView.swift */,
				452BC8CC23D25098004B1EB0 /* BuildingAnnotationView.swift */,
			);
			path = Components;
			sourceTree = "<group>";
		};
		841207C896CEC1161824CC45 /* Frameworks */ = {
			isa = PBXGroup;
			children = (
				82B3C7E6BA5F7839326275E1 /* Pods_BirdTakeHomeProject.framework */,
			);
			name = Frameworks;
			sourceTree = "<group>";
		};
		ED0C3105ECAF565408558484 /* Pods */ = {
			isa = PBXGroup;
			children = (
				C41EB80AF31CE9AD270CB1C4 /* Pods-BirdTakeHomeProject.debug.xcconfig */,
				5A9E713161763ECFE6844D82 /* Pods-BirdTakeHomeProject.release.xcconfig */,
			);
			path = Pods;
			sourceTree = "<group>";
		};
/* End PBXGroup section */

/* Begin PBXNativeTarget section */
		452BC8A223D2373D004B1EB0 /* BirdTakeHomeProject */ = {
			isa = PBXNativeTarget;
			buildConfigurationList = 452BC8B723D2373E004B1EB0 /* Build configuration list for PBXNativeTarget "BirdTakeHomeProject" */;
			buildPhases = (
				57E81B4C88570E70E1513589 /* [CP] Check Pods Manifest.lock */,
				452BC89F23D2373D004B1EB0 /* Sources */,
				452BC8A023D2373D004B1EB0 /* Frameworks */,
				452BC8A123D2373D004B1EB0 /* Resources */,
				3F855EBC1126C75D14240446 /* [CP] Embed Pods Frameworks */,
			);
			buildRules = (
			);
			dependencies = (
			);
			name = BirdTakeHomeProject;
			productName = BirdTakeHomeProject;
			productReference = 452BC8A323D2373D004B1EB0 /* BirdTakeHomeProject.app */;
			productType = "com.apple.product-type.application";
		};
/* End PBXNativeTarget section */

/* Begin PBXProject section */
		452BC89B23D2373D004B1EB0 /* Project object */ = {
			isa = PBXProject;
			attributes = {
				LastSwiftUpdateCheck = 1130;
				LastUpgradeCheck = 1130;
				ORGANIZATIONNAME = "Sergey Yelmanov";
				TargetAttributes = {
					452BC8A223D2373D004B1EB0 = {
						CreatedOnToolsVersion = 11.3.1;
					};
				};
			};
			buildConfigurationList = 452BC89E23D2373D004B1EB0 /* Build configuration list for PBXProject "BirdTakeHomeProject" */;
			compatibilityVersion = "Xcode 9.3";
			developmentRegion = en;
			hasScannedForEncodings = 0;
			knownRegions = (
				en,
				Base,
			);
			mainGroup = 452BC89A23D2373D004B1EB0;
			productRefGroup = 452BC8A423D2373D004B1EB0 /* Products */;
			projectDirPath = "";
			projectRoot = "";
			targets = (
				452BC8A223D2373D004B1EB0 /* BirdTakeHomeProject */,
			);
		};
/* End PBXProject section */

/* Begin PBXResourcesBuildPhase section */
		452BC8A123D2373D004B1EB0 /* Resources */ = {
			isa = PBXResourcesBuildPhase;
			buildActionMask = 2147483647;
			files = (
				452BC8B323D2373E004B1EB0 /* LaunchScreen.storyboard in Resources */,
				452BC8C723D24862004B1EB0 /* buildings.json in Resources */,
				452BC8B023D2373E004B1EB0 /* Assets.xcassets in Resources */,
			);
			runOnlyForDeploymentPostprocessing = 0;
		};
/* End PBXResourcesBuildPhase section */

/* Begin PBXShellScriptBuildPhase section */
		3F855EBC1126C75D14240446 /* [CP] Embed Pods Frameworks */ = {
			isa = PBXShellScriptBuildPhase;
			buildActionMask = 2147483647;
			files = (
			);
			inputFileListPaths = (
				"${PODS_ROOT}/Target Support Files/Pods-BirdTakeHomeProject/Pods-BirdTakeHomeProject-frameworks-${CONFIGURATION}-input-files.xcfilelist",
			);
			name = "[CP] Embed Pods Frameworks";
			outputFileListPaths = (
				"${PODS_ROOT}/Target Support Files/Pods-BirdTakeHomeProject/Pods-BirdTakeHomeProject-frameworks-${CONFIGURATION}-output-files.xcfilelist",
			);
			runOnlyForDeploymentPostprocessing = 0;
			shellPath = /bin/sh;
			shellScript = "\"${PODS_ROOT}/Target Support Files/Pods-BirdTakeHomeProject/Pods-BirdTakeHomeProject-frameworks.sh\"\n";
			showEnvVarsInLog = 0;
		};
		57E81B4C88570E70E1513589 /* [CP] Check Pods Manifest.lock */ = {
			isa = PBXShellScriptBuildPhase;
			buildActionMask = 2147483647;
			files = (
			);
			inputFileListPaths = (
			);
			inputPaths = (
				"${PODS_PODFILE_DIR_PATH}/Podfile.lock",
				"${PODS_ROOT}/Manifest.lock",
			);
			name = "[CP] Check Pods Manifest.lock";
			outputFileListPaths = (
			);
			outputPaths = (
				"$(DERIVED_FILE_DIR)/Pods-BirdTakeHomeProject-checkManifestLockResult.txt",
			);
			runOnlyForDeploymentPostprocessing = 0;
			shellPath = /bin/sh;
			shellScript = "diff \"${PODS_PODFILE_DIR_PATH}/Podfile.lock\" \"${PODS_ROOT}/Manifest.lock\" > /dev/null\nif [ $? != 0 ] ; then\n    # print error to STDERR\n    echo \"error: The sandbox is not in sync with the Podfile.lock. Run 'pod install' or update your CocoaPods installation.\" >&2\n    exit 1\nfi\n# This output is used by Xcode 'outputs' to avoid re-running this script phase.\necho \"SUCCESS\" > \"${SCRIPT_OUTPUT_FILE_0}\"\n";
			showEnvVarsInLog = 0;
		};
/* End PBXShellScriptBuildPhase section */

/* Begin PBXSourcesBuildPhase section */
		452BC89F23D2373D004B1EB0 /* Sources */ = {
			isa = PBXSourcesBuildPhase;
			buildActionMask = 2147483647;
			files = (
				455A03AC23D364C8004BB19F /* MKMapView+Ext.swift in Sources */,
				452BC8CB23D24B78004B1EB0 /* MapView.swift in Sources */,
				455A03AE23D3667F004BB19F /* UIView+Ext.swift in Sources */,
				452BC8BF23D241BA004B1EB0 /* Router.swift in Sources */,
				452BC8C923D2489C004B1EB0 /* Building.swift in Sources */,
				452BC8CD23D25098004B1EB0 /* BuildingAnnotationView.swift in Sources */,
				452BC8A723D2373D004B1EB0 /* AppDelegate.swift in Sources */,
				452BC8C523D2471F004B1EB0 /* Bundle+Ext.swift in Sources */,
				455A03B123D367C5004BB19F /* CountClusterAnnotationView.swift in Sources */,
				452BC8C223D243E4004B1EB0 /* MapViewController.swift in Sources */,
				452BC8A923D2373D004B1EB0 /* SceneDelegate.swift in Sources */,
				45D73B5323D3A33300E13FE1 /* Constants.swift in Sources */,
			);
			runOnlyForDeploymentPostprocessing = 0;
		};
/* End PBXSourcesBuildPhase section */

/* Begin PBXVariantGroup section */
		452BC8B123D2373E004B1EB0 /* LaunchScreen.storyboard */ = {
			isa = PBXVariantGroup;
			children = (
				452BC8B223D2373E004B1EB0 /* Base */,
			);
			name = LaunchScreen.storyboard;
			sourceTree = "<group>";
		};
/* End PBXVariantGroup section */

/* Begin XCBuildConfiguration section */
		452BC8B523D2373E004B1EB0 /* Debug */ = {
			isa = XCBuildConfiguration;
			buildSettings = {
				ALWAYS_SEARCH_USER_PATHS = NO;
				CLANG_ANALYZER_NONNULL = YES;
				CLANG_ANALYZER_NUMBER_OBJECT_CONVERSION = YES_AGGRESSIVE;
				CLANG_CXX_LANGUAGE_STANDARD = "gnu++14";
				CLANG_CXX_LIBRARY = "libc++";
				CLANG_ENABLE_MODULES = YES;
				CLANG_ENABLE_OBJC_ARC = YES;
				CLANG_ENABLE_OBJC_WEAK = YES;
				CLANG_WARN_BLOCK_CAPTURE_AUTORELEASING = YES;
				CLANG_WARN_BOOL_CONVERSION = YES;
				CLANG_WARN_COMMA = YES;
				CLANG_WARN_CONSTANT_CONVERSION = YES;
				CLANG_WARN_DEPRECATED_OBJC_IMPLEMENTATIONS = YES;
				CLANG_WARN_DIRECT_OBJC_ISA_USAGE = YES_ERROR;
				CLANG_WARN_DOCUMENTATION_COMMENTS = YES;
				CLANG_WARN_EMPTY_BODY = YES;
				CLANG_WARN_ENUM_CONVERSION = YES;
				CLANG_WARN_INFINITE_RECURSION = YES;
				CLANG_WARN_INT_CONVERSION = YES;
				CLANG_WARN_NON_LITERAL_NULL_CONVERSION = YES;
				CLANG_WARN_OBJC_IMPLICIT_RETAIN_SELF = YES;
				CLANG_WARN_OBJC_LITERAL_CONVERSION = YES;
				CLANG_WARN_OBJC_ROOT_CLASS = YES_ERROR;
				CLANG_WARN_RANGE_LOOP_ANALYSIS = YES;
				CLANG_WARN_STRICT_PROTOTYPES = YES;
				CLANG_WARN_SUSPICIOUS_MOVE = YES;
				CLANG_WARN_UNGUARDED_AVAILABILITY = YES_AGGRESSIVE;
				CLANG_WARN_UNREACHABLE_CODE = YES;
				CLANG_WARN__DUPLICATE_METHOD_MATCH = YES;
				COPY_PHASE_STRIP = NO;
				DEBUG_INFORMATION_FORMAT = dwarf;
				ENABLE_STRICT_OBJC_MSGSEND = YES;
				ENABLE_TESTABILITY = YES;
				GCC_C_LANGUAGE_STANDARD = gnu11;
				GCC_DYNAMIC_NO_PIC = NO;
				GCC_NO_COMMON_BLOCKS = YES;
				GCC_OPTIMIZATION_LEVEL = 0;
				GCC_PREPROCESSOR_DEFINITIONS = (
					"DEBUG=1",
					"$(inherited)",
				);
				GCC_WARN_64_TO_32_BIT_CONVERSION = YES;
				GCC_WARN_ABOUT_RETURN_TYPE = YES_ERROR;
				GCC_WARN_UNDECLARED_SELECTOR = YES;
				GCC_WARN_UNINITIALIZED_AUTOS = YES_AGGRESSIVE;
				GCC_WARN_UNUSED_FUNCTION = YES;
				GCC_WARN_UNUSED_VARIABLE = YES;
				IPHONEOS_DEPLOYMENT_TARGET = 13.2;
				MTL_ENABLE_DEBUG_INFO = INCLUDE_SOURCE;
				MTL_FAST_MATH = YES;
				ONLY_ACTIVE_ARCH = YES;
				SDKROOT = iphoneos;
				SWIFT_ACTIVE_COMPILATION_CONDITIONS = DEBUG;
				SWIFT_OPTIMIZATION_LEVEL = "-Onone";
			};
			name = Debug;
		};
		452BC8B623D2373E004B1EB0 /* Release */ = {
			isa = XCBuildConfiguration;
			buildSettings = {
				ALWAYS_SEARCH_USER_PATHS = NO;
				CLANG_ANALYZER_NONNULL = YES;
				CLANG_ANALYZER_NUMBER_OBJECT_CONVERSION = YES_AGGRESSIVE;
				CLANG_CXX_LANGUAGE_STANDARD = "gnu++14";
				CLANG_CXX_LIBRARY = "libc++";
				CLANG_ENABLE_MODULES = YES;
				CLANG_ENABLE_OBJC_ARC = YES;
				CLANG_ENABLE_OBJC_WEAK = YES;
				CLANG_WARN_BLOCK_CAPTURE_AUTORELEASING = YES;
				CLANG_WARN_BOOL_CONVERSION = YES;
				CLANG_WARN_COMMA = YES;
				CLANG_WARN_CONSTANT_CONVERSION = YES;
				CLANG_WARN_DEPRECATED_OBJC_IMPLEMENTATIONS = YES;
				CLANG_WARN_DIRECT_OBJC_ISA_USAGE = YES_ERROR;
				CLANG_WARN_DOCUMENTATION_COMMENTS = YES;
				CLANG_WARN_EMPTY_BODY = YES;
				CLANG_WARN_ENUM_CONVERSION = YES;
				CLANG_WARN_INFINITE_RECURSION = YES;
				CLANG_WARN_INT_CONVERSION = YES;
				CLANG_WARN_NON_LITERAL_NULL_CONVERSION = YES;
				CLANG_WARN_OBJC_IMPLICIT_RETAIN_SELF = YES;
				CLANG_WARN_OBJC_LITERAL_CONVERSION = YES;
				CLANG_WARN_OBJC_ROOT_CLASS = YES_ERROR;
				CLANG_WARN_RANGE_LOOP_ANALYSIS = YES;
				CLANG_WARN_STRICT_PROTOTYPES = YES;
				CLANG_WARN_SUSPICIOUS_MOVE = YES;
				CLANG_WARN_UNGUARDED_AVAILABILITY = YES_AGGRESSIVE;
				CLANG_WARN_UNREACHABLE_CODE = YES;
				CLANG_WARN__DUPLICATE_METHOD_MATCH = YES;
				COPY_PHASE_STRIP = NO;
				DEBUG_INFORMATION_FORMAT = "dwarf-with-dsym";
				ENABLE_NS_ASSERTIONS = NO;
				ENABLE_STRICT_OBJC_MSGSEND = YES;
				GCC_C_LANGUAGE_STANDARD = gnu11;
				GCC_NO_COMMON_BLOCKS = YES;
				GCC_WARN_64_TO_32_BIT_CONVERSION = YES;
				GCC_WARN_ABOUT_RETURN_TYPE = YES_ERROR;
				GCC_WARN_UNDECLARED_SELECTOR = YES;
				GCC_WARN_UNINITIALIZED_AUTOS = YES_AGGRESSIVE;
				GCC_WARN_UNUSED_FUNCTION = YES;
				GCC_WARN_UNUSED_VARIABLE = YES;
				IPHONEOS_DEPLOYMENT_TARGET = 13.2;
				MTL_ENABLE_DEBUG_INFO = NO;
				MTL_FAST_MATH = YES;
				SDKROOT = iphoneos;
				SWIFT_COMPILATION_MODE = wholemodule;
				SWIFT_OPTIMIZATION_LEVEL = "-O";
				VALIDATE_PRODUCT = YES;
			};
			name = Release;
		};
		452BC8B823D2373E004B1EB0 /* Debug */ = {
			isa = XCBuildConfiguration;
			baseConfigurationReference = C41EB80AF31CE9AD270CB1C4 /* Pods-BirdTakeHomeProject.debug.xcconfig */;
			buildSettings = {
				ASSETCATALOG_COMPILER_APPICON_NAME = AppIcon;
				CODE_SIGN_STYLE = Automatic;
				DEVELOPMENT_TEAM = HJ5AVFBKU5;
				INFOPLIST_FILE = BirdTakeHomeProject/Info.plist;
				LD_RUNPATH_SEARCH_PATHS = (
					"$(inherited)",
					"@executable_path/Frameworks",
				);
				PRODUCT_BUNDLE_IDENTIFIER = sergey.yelmanov.BirdTakeHomeProject;
				PRODUCT_NAME = "$(TARGET_NAME)";
				SWIFT_VERSION = 5.0;
				TARGETED_DEVICE_FAMILY = "1,2";
			};
			name = Debug;
		};
		452BC8B923D2373E004B1EB0 /* Release */ = {
			isa = XCBuildConfiguration;
			baseConfigurationReference = 5A9E713161763ECFE6844D82 /* Pods-BirdTakeHomeProject.release.xcconfig */;
			buildSettings = {
				ASSETCATALOG_COMPILER_APPICON_NAME = AppIcon;
				CODE_SIGN_STYLE = Automatic;
				DEVELOPMENT_TEAM = HJ5AVFBKU5;
				INFOPLIST_FILE = BirdTakeHomeProject/Info.plist;
				LD_RUNPATH_SEARCH_PATHS = (
					"$(inherited)",
					"@executable_path/Frameworks",
				);
				PRODUCT_BUNDLE_IDENTIFIER = sergey.yelmanov.BirdTakeHomeProject;
				PRODUCT_NAME = "$(TARGET_NAME)";
				SWIFT_VERSION = 5.0;
				TARGETED_DEVICE_FAMILY = "1,2";
			};
			name = Release;
		};
/* End XCBuildConfiguration section */

/* Begin XCConfigurationList section */
		452BC89E23D2373D004B1EB0 /* Build configuration list for PBXProject "BirdTakeHomeProject" */ = {
			isa = XCConfigurationList;
			buildConfigurations = (
				452BC8B523D2373E004B1EB0 /* Debug */,
				452BC8B623D2373E004B1EB0 /* Release */,
			);
			defaultConfigurationIsVisible = 0;
			defaultConfigurationName = Release;
		};
		452BC8B723D2373E004B1EB0 /* Build configuration list for PBXNativeTarget "BirdTakeHomeProject" */ = {
			isa = XCConfigurationList;
			buildConfigurations = (
				452BC8B823D2373E004B1EB0 /* Debug */,
				452BC8B923D2373E004B1EB0 /* Release */,
			);
			defaultConfigurationIsVisible = 0;
			defaultConfigurationName = Release;
		};
/* End XCConfigurationList section */
	};
	rootObject = 452BC89B23D2373D004B1EB0 /* Project object */;
}
